lockfileVersion: '9.0'

settings:
  autoInstallPeers: true
  excludeLinksFromLockfile: false

importers:

  .:
    dependencies:
      aws-cdk:
        specifier: ^2.171.1
        version: 2.171.1
      typescript-language-server:
        specifier: ^4.3.3
        version: 4.3.3

packages:

  aws-cdk@2.171.1:
    resolution: {integrity: sha512-IWENyT4F5UcLr1szLsbipUdjIHn8FD3d/RvaIvhs2+qCamkfEV5mqv/ChMvRJ8H2jebhIZ2iz74or9O5Ismp+Q==}
    engines: {node: '>= 14.15.0'}
    hasBin: true

  fsevents@2.3.2:
    resolution: {integrity: sha512-xiqMQR4xAeHTuB9uWm+fFRcIOgKBMiOBP+eXiyT7jsgVCq1bkVygt00oASowB7EdtpOHaaPgKt812P9ab+DDKA==}
    engines: {node: ^8.16.0 || ^10.6.0 || >=11.0.0}
    os: [darwin]

  typescript-language-server@4.3.3:
    resolution: {integrity: sha512-3QLj57Ru9S6zv10sa4z1pA3TIR1Rdkd04Ke0EszbO4fx5PLdlYhlC/PMxwlyxls9wrZs7wPCME1Ru0s1Gabz4Q==}
    engines: {node: '>=18'}
    hasBin: true

  vscode-jsonrpc@5.0.1:
    resolution: {integrity: sha512-JvONPptw3GAQGXlVV2utDcHx0BiY34FupW/kI6mZ5x06ER5DdPG/tXWMVHjTNULF5uKPOUUD0SaXg5QaubJL0A==}
    engines: {node: '>=8.0.0 || >=10.0.0'}

  vscode-jsonrpc@8.2.0:
    resolution: {integrity: sha512-C+r0eKJUIfiDIfwJhria30+TYWPtuHJXHtI7J0YlOmKAo7ogxP20T0zxB7HZQIFhIyvoBPwWskjxrvAtfjyZfA==}
    engines: {node: '>=14.0.0'}

  vscode-languageserver-protocol@3.17.5:
    resolution: {integrity: sha512-mb1bvRJN8SVznADSGWM9u/b07H7Ecg0I3OgXDuLdn307rl/J3A9YD6/eYOssqhecL27hK1IPZAsaqh00i/Jljg==}

  vscode-languageserver-types@3.17.5:
    resolution: {integrity: sha512-Ld1VelNuX9pdF39h2Hgaeb5hEZM2Z3jUrrMgWQAu82jMtZp7p3vJT3BzToKtZI7NgQssZje5o0zryOrhQvzQAg==}

snapshots:

  aws-cdk@2.171.1:
    optionalDependencies:
      fsevents: 2.3.2

  fsevents@2.3.2:
    optional: true

  typescript-language-server@4.3.3:
    dependencies:
      vscode-jsonrpc: 5.0.1
      vscode-languageserver-protocol: 3.17.5

  vscode-jsonrpc@5.0.1: {}

  vscode-jsonrpc@8.2.0: {}

  vscode-languageserver-protocol@3.17.5:
    dependencies:
      vscode-jsonrpc: 8.2.0
      vscode-languageserver-types: 3.17.5

  vscode-languageserver-types@3.17.5: {}
